
Microsoft Visual Studio Solution File, Format Version 12.00
# Visual Studio 15
VisualStudioVersion = 15.0.26730.16
MinimumVisualStudioVersion = 10.0.40219.1
Project("{E24C65DC-7377-472B-9ABA-BC803B73C61A}") = "client", ".", "{6FB180FA-63AD-43DB-9B92-800792F894BB}"
	ProjectSection(WebsiteProperties) = preProject
		TargetFrameworkMoniker = ".NETFramework,Version%3Dv4.0"
		Debug.AspNetCompiler.VirtualPath = "/localhost_57279"
		Debug.AspNetCompiler.PhysicalPath = "..\client\"
		Debug.AspNetCompiler.TargetPath = "PrecompiledWeb\localhost_57279\"
		Debug.AspNetCompiler.Updateable = "true"
		Debug.AspNetCompiler.ForceOverwrite = "true"
		Debug.AspNetCompiler.FixedNames = "false"
		Debug.AspNetCompiler.Debug = "True"
		Release.AspNetCompiler.VirtualPath = "/localhost_57279"
		Release.AspNetCompiler.PhysicalPath = "..\client\"
		Release.AspNetCompiler.TargetPath = "PrecompiledWeb\localhost_57279\"
		Release.AspNetCompiler.Updateable = "true"
		Release.AspNetCompiler.ForceOverwrite = "true"
		Release.AspNetCompiler.FixedNames = "false"
		Release.AspNetCompiler.Debug = "False"
		VWDPort = "57279"
		SlnRelativePath = "..\client\"
	EndProjectSection
EndProject
Project("{FAE04EC0-301F-11D3-BF4B-00C04F79EFBC}") = "WebApi", "..\WebApi\WebApi.csproj", "{AEAFB95B-8CB2-4106-8F2E-CD5FAFC19A02}"
EndProject
Project("{FAE04EC0-301F-11D3-BF4B-00C04F79EFBC}") = "WebApi.Tests", "..\..\..\..\source\repos\client\WebApi.Tests\WebApi.Tests.csproj", "{EE4AC3E7-F819-4C79-8BE9-B1D2C55219A7}"
EndProject
Global
	GlobalSection(SolutionConfigurationPlatforms) = preSolution
		Debug|Any CPU = Debug|Any CPU
		Release|Any CPU = Release|Any CPU
	EndGlobalSection
	GlobalSection(ProjectConfigurationPlatforms) = postSolution
		{6FB180FA-63AD-43DB-9B92-800792F894BB}.Debug|Any CPU.ActiveCfg = Debug|Any CPU
		{6FB180FA-63AD-43DB-9B92-800792F894BB}.Debug|Any CPU.Build.0 = Debug|Any CPU
		{6FB180FA-63AD-43DB-9B92-800792F894BB}.Release|Any CPU.ActiveCfg = Debug|Any CPU
		{6FB180FA-63AD-43DB-9B92-800792F894BB}.Release|Any CPU.Build.0 = Debug|Any CPU
		{AEAFB95B-8CB2-4106-8F2E-CD5FAFC19A02}.Debug|Any CPU.ActiveCfg = Debug|Any CPU
		{AEAFB95B-8CB2-4106-8F2E-CD5FAFC19A02}.Debug|Any CPU.Build.0 = Debug|Any CPU
		{AEAFB95B-8CB2-4106-8F2E-CD5FAFC19A02}.Release|Any CPU.ActiveCfg = Release|Any CPU
		{AEAFB95B-8CB2-4106-8F2E-CD5FAFC19A02}.Release|Any CPU.Build.0 = Release|Any CPU
		{EE4AC3E7-F819-4C79-8BE9-B1D2C55219A7}.Debug|Any CPU.ActiveCfg = Debug|Any CPU
		{EE4AC3E7-F819-4C79-8BE9-B1D2C55219A7}.Debug|Any CPU.Build.0 = Debug|Any CPU
		{EE4AC3E7-F819-4C79-8BE9-B1D2C55219A7}.Release|Any CPU.ActiveCfg = Release|Any CPU
		{EE4AC3E7-F819-4C79-8BE9-B1D2C55219A7}.Release|Any CPU.Build.0 = Release|Any CPU
	EndGlobalSection
	GlobalSection(SolutionProperties) = preSolution
		HideSolutionNode = FALSE
	EndGlobalSection
	GlobalSection(ExtensibilityGlobals) = postSolution
		SolutionGuid = {FDD3DC56-4C7B-4619-8047-652B7CEAE353}
	EndGlobalSection
EndGlobal
